
Microsoft Visual Studio Solution File, Format Version 12.00
# Visual Studio Version 17
VisualStudioVersion = 17.11.35219.272
MinimumVisualStudioVersion = 10.0.40219.1
Project("{FAE04EC0-301F-11D3-BF4B-00C04F79EFBC}") = "Evaluacion2", "Evaluacion2.csproj", "{76B5438C-4D8F-40C7-B2FE-5769D4789725}"
EndProject
Global
	GlobalSection(SolutionConfigurationPlatforms) = preSolution
		Debug|Any CPU = Debug|Any CPU
		Release|Any CPU = Release|Any CPU
	EndGlobalSection
	GlobalSection(ProjectConfigurationPlatforms) = postSolution
		{76B5438C-4D8F-40C7-B2FE-5769D4789725}.Debug|Any CPU.ActiveCfg = Debug|Any CPU
		{76B5438C-4D8F-40C7-B2FE-5769D4789725}.Debug|Any CPU.Build.0 = Debug|Any CPU
		{76B5438C-4D8F-40C7-B2FE-5769D4789725}.Release|Any CPU.ActiveCfg = Release|Any CPU
		{76B5438C-4D8F-40C7-B2FE-5769D4789725}.Release|Any CPU.Build.0 = Release|Any CPU
	EndGlobalSection
	GlobalSection(SolutionProperties) = preSolution
		HideSolutionNode = FALSE
	EndGlobalSection
	GlobalSection(ExtensibilityGlobals) = postSolution
		SolutionGuid = {B4D8BA4B-4049-443E-A792-599202836402}
	EndGlobalSection
EndGlobal
